
Microsoft Visual Studio Solution File, Format Version 12.00
# Visual Studio Version 16
VisualStudioVersion = 16.0.31105.61
MinimumVisualStudioVersion = 10.0.40219.1
Project("{FAE04EC0-301F-11D3-BF4B-00C04F79EFBC}") = "senai.spmedicalgroup.webApi", "senai.spmedicalgroup.webApi\senai.spmedicalgroup.webApi.csproj", "{B9289BD0-FDC6-4F04-B644-CB7E96B1F01E}"
EndProject
Global
	GlobalSection(SolutionConfigurationPlatforms) = preSolution
		Debug|Any CPU = Debug|Any CPU
		Release|Any CPU = Release|Any CPU
	EndGlobalSection
	GlobalSection(ProjectConfigurationPlatforms) = postSolution
		{B9289BD0-FDC6-4F04-B644-CB7E96B1F01E}.Debug|Any CPU.ActiveCfg = Debug|Any CPU
		{B9289BD0-FDC6-4F04-B644-CB7E96B1F01E}.Debug|Any CPU.Build.0 = Debug|Any CPU
		{B9289BD0-FDC6-4F04-B644-CB7E96B1F01E}.Release|Any CPU.ActiveCfg = Release|Any CPU
		{B9289BD0-FDC6-4F04-B644-CB7E96B1F01E}.Release|Any CPU.Build.0 = Release|Any CPU
	EndGlobalSection
	GlobalSection(SolutionProperties) = preSolution
		HideSolutionNode = FALSE
	EndGlobalSection
	GlobalSection(ExtensibilityGlobals) = postSolution
		SolutionGuid = {F459CFB6-E6DF-4F36-8B02-D7A2E4CF7A70}
	EndGlobalSection
EndGlobal
